
Microsoft Visual Studio Solution File, Format Version 12.00
# Visual Studio Version 17
VisualStudioVersion = 17.13.35931.197 d17.13
MinimumVisualStudioVersion = 10.0.40219.1
Project("{FAE04EC0-301F-11D3-BF4B-00C04F79EFBC}") = "pryBordon-20250505", "pryBordon-20250505\pryBordon-20250505.csproj", "{2E9A5DF1-1A0E-4077-871C-4974920587F8}"
EndProject
Global
	GlobalSection(SolutionConfigurationPlatforms) = preSolution
		Debug|Any CPU = Debug|Any CPU
		Release|Any CPU = Release|Any CPU
	EndGlobalSection
	GlobalSection(ProjectConfigurationPlatforms) = postSolution
		{2E9A5DF1-1A0E-4077-871C-4974920587F8}.Debug|Any CPU.ActiveCfg = Debug|Any CPU
		{2E9A5DF1-1A0E-4077-871C-4974920587F8}.Debug|Any CPU.Build.0 = Debug|Any CPU
		{2E9A5DF1-1A0E-4077-871C-4974920587F8}.Release|Any CPU.ActiveCfg = Release|Any CPU
		{2E9A5DF1-1A0E-4077-871C-4974920587F8}.Release|Any CPU.Build.0 = Release|Any CPU
	EndGlobalSection
	GlobalSection(SolutionProperties) = preSolution
		HideSolutionNode = FALSE
	EndGlobalSection
	GlobalSection(ExtensibilityGlobals) = postSolution
		SolutionGuid = {6B8C2DA0-95B4-4B58-8CF2-F8FD9FA7F50D}
	EndGlobalSection
EndGlobal
